Microsoft Visual Studio Solution File, Format Version 12.00
# Visual Studio 2022
Project("{FAE04EC0-301F-11D3-BF4B-00C04F79EFBC}") = "Bulwark", "Bulwark.csproj", "{C6EC5416-A3E6-43A6-8D66-2FD4819724DF}"
EndProject
Project("{FAE04EC0-301F-11D3-BF4B-00C04F79EFBC}") = "Pf2e.Core", "F:\dev\Pf2e.Core\Pf2e.Core\Pf2e.Core.csproj", "{611A1123-862A-4B82-9779-CC52247D295E}"
EndProject
Global
	GlobalSection(SolutionConfigurationPlatforms) = preSolution
		Debug|Any CPU = Debug|Any CPU
		ExportDebug|Any CPU = ExportDebug|Any CPU
		ExportRelease|Any CPU = ExportRelease|Any CPU
	EndGlobalSection
	GlobalSection(ProjectConfigurationPlatforms) = postSolution
		{C6EC5416-A3E6-43A6-8D66-2FD4819724DF}.Debug|Any CPU.ActiveCfg = Debug|Any CPU
		{C6EC5416-A3E6-43A6-8D66-2FD4819724DF}.Debug|Any CPU.Build.0 = Debug|Any CPU
		{C6EC5416-A3E6-43A6-8D66-2FD4819724DF}.ExportDebug|Any CPU.ActiveCfg = ExportDebug|Any CPU
		{C6EC5416-A3E6-43A6-8D66-2FD4819724DF}.ExportDebug|Any CPU.Build.0 = ExportDebug|Any CPU
		{C6EC5416-A3E6-43A6-8D66-2FD4819724DF}.ExportRelease|Any CPU.ActiveCfg = ExportRelease|Any CPU
		{C6EC5416-A3E6-43A6-8D66-2FD4819724DF}.ExportRelease|Any CPU.Build.0 = ExportRelease|Any CPU
		{611A1123-862A-4B82-9779-CC52247D295E}.Debug|Any CPU.ActiveCfg = Debug|Any CPU
		{611A1123-862A-4B82-9779-CC52247D295E}.Debug|Any CPU.Build.0 = Debug|Any CPU
		{611A1123-862A-4B82-9779-CC52247D295E}.ExportDebug|Any CPU.ActiveCfg = Debug|Any CPU
		{611A1123-862A-4B82-9779-CC52247D295E}.ExportDebug|Any CPU.Build.0 = Debug|Any CPU
		{611A1123-862A-4B82-9779-CC52247D295E}.ExportRelease|Any CPU.ActiveCfg = Debug|Any CPU
		{611A1123-862A-4B82-9779-CC52247D295E}.ExportRelease|Any CPU.Build.0 = Debug|Any CPU
	EndGlobalSection
EndGlobal
